
Microsoft Visual Studio Solution File, Format Version 12.00
# Visual Studio Version 17
VisualStudioVersion = 17.2.32519.379
MinimumVisualStudioVersion = 10.0.40219.1
Project("{FAE04EC0-301F-11D3-BF4B-00C04F79EFBC}") = "pryClaseyObjetoSP1", "pryClaseyObjetoSP1\pryClaseyObjetoSP1.csproj", "{D19E8DB8-244C-455E-A310-C056504A9967}"
EndProject
Global
	GlobalSection(SolutionConfigurationPlatforms) = preSolution
		Debug|Any CPU = Debug|Any CPU
		Release|Any CPU = Release|Any CPU
	EndGlobalSection
	GlobalSection(ProjectConfigurationPlatforms) = postSolution
		{D19E8DB8-244C-455E-A310-C056504A9967}.Debug|Any CPU.ActiveCfg = Debug|Any CPU
		{D19E8DB8-244C-455E-A310-C056504A9967}.Debug|Any CPU.Build.0 = Debug|Any CPU
		{D19E8DB8-244C-455E-A310-C056504A9967}.Release|Any CPU.ActiveCfg = Release|Any CPU
		{D19E8DB8-244C-455E-A310-C056504A9967}.Release|Any CPU.Build.0 = Release|Any CPU
	EndGlobalSection
	GlobalSection(SolutionProperties) = preSolution
		HideSolutionNode = FALSE
	EndGlobalSection
	GlobalSection(ExtensibilityGlobals) = postSolution
		SolutionGuid = {177D5113-7056-47E1-8FA0-61925A32F485}
	EndGlobalSection
EndGlobal
